
Microsoft Visual Studio Solution File, Format Version 12.00
# Visual Studio Version 16
VisualStudioVersion = 16.0.31613.86
MinimumVisualStudioVersion = 10.0.40219.1
Project("{FAE04EC0-301F-11D3-BF4B-00C04F79EFBC}") = "CodeInterviewTests", "CodeInterviewTests\CodeInterviewTests.csproj", "{25106B63-DBFF-44F4-8D7B-4FD1A5E7772D}"
EndProject
Project("{FAE04EC0-301F-11D3-BF4B-00C04F79EFBC}") = "CodeInterviewConsole", "CodeInterviewConsole\CodeInterviewConsole.csproj", "{3D5F7119-4728-4BDB-8EB5-E2664E95E2B3}"
EndProject
Global
	GlobalSection(SolutionConfigurationPlatforms) = preSolution
		Debug|Any CPU = Debug|Any CPU
		Release|Any CPU = Release|Any CPU
	EndGlobalSection
	GlobalSection(ProjectConfigurationPlatforms) = postSolution
		{25106B63-DBFF-44F4-8D7B-4FD1A5E7772D}.Debug|Any CPU.ActiveCfg = Debug|Any CPU
		{25106B63-DBFF-44F4-8D7B-4FD1A5E7772D}.Debug|Any CPU.Build.0 = Debug|Any CPU
		{25106B63-DBFF-44F4-8D7B-4FD1A5E7772D}.Release|Any CPU.ActiveCfg = Release|Any CPU
		{25106B63-DBFF-44F4-8D7B-4FD1A5E7772D}.Release|Any CPU.Build.0 = Release|Any CPU
		{3D5F7119-4728-4BDB-8EB5-E2664E95E2B3}.Debug|Any CPU.ActiveCfg = Debug|Any CPU
		{3D5F7119-4728-4BDB-8EB5-E2664E95E2B3}.Debug|Any CPU.Build.0 = Debug|Any CPU
		{3D5F7119-4728-4BDB-8EB5-E2664E95E2B3}.Release|Any CPU.ActiveCfg = Release|Any CPU
		{3D5F7119-4728-4BDB-8EB5-E2664E95E2B3}.Release|Any CPU.Build.0 = Release|Any CPU
	EndGlobalSection
	GlobalSection(SolutionProperties) = preSolution
		HideSolutionNode = FALSE
	EndGlobalSection
	GlobalSection(ExtensibilityGlobals) = postSolution
		SolutionGuid = {1FCC337A-E33A-4AD1-A101-669A2D962294}
	EndGlobalSection
EndGlobal
